
Microsoft Visual Studio Solution File, Format Version 12.00
# Visual Studio Version 17
VisualStudioVersion = 17.4.33205.214
MinimumVisualStudioVersion = 10.0.40219.1
Project("{FAE04EC0-301F-11D3-BF4B-00C04F79EFBC}") = "ShopManagement", "ShopManagement\ShopManagement.csproj", "{8C61E137-9703-43BC-B3BF-18D9CF30C5D6}"
EndProject
Global
	GlobalSection(SolutionConfigurationPlatforms) = preSolution
		Debug|Any CPU = Debug|Any CPU
		Release|Any CPU = Release|Any CPU
	EndGlobalSection
	GlobalSection(ProjectConfigurationPlatforms) = postSolution
		{8C61E137-9703-43BC-B3BF-18D9CF30C5D6}.Debug|Any CPU.ActiveCfg = Debug|Any CPU
		{8C61E137-9703-43BC-B3BF-18D9CF30C5D6}.Debug|Any CPU.Build.0 = Debug|Any CPU
		{8C61E137-9703-43BC-B3BF-18D9CF30C5D6}.Release|Any CPU.ActiveCfg = Release|Any CPU
		{8C61E137-9703-43BC-B3BF-18D9CF30C5D6}.Release|Any CPU.Build.0 = Release|Any CPU
	EndGlobalSection
	GlobalSection(SolutionProperties) = preSolution
		HideSolutionNode = FALSE
	EndGlobalSection
	GlobalSection(ExtensibilityGlobals) = postSolution
		SolutionGuid = {BCEF4649-1F2C-453A-BD9F-169A2373BACD}
	EndGlobalSection
EndGlobal
